
Microsoft Visual Studio Solution File, Format Version 12.00
# Visual Studio Version 17
VisualStudioVersion = 17.11.35222.181
MinimumVisualStudioVersion = 10.0.40219.1
Project("{FAE04EC0-301F-11D3-BF4B-00C04F79EFBC}") = "tpoic 4 assignment", "tpoic 4 assignment\tpoic 4 assignment.csproj", "{99FFD478-DD96-490D-B0B9-4A482DCD5E2E}"
EndProject
Global
	GlobalSection(SolutionConfigurationPlatforms) = preSolution
		Debug|Any CPU = Debug|Any CPU
		Release|Any CPU = Release|Any CPU
	EndGlobalSection
	GlobalSection(ProjectConfigurationPlatforms) = postSolution
		{99FFD478-DD96-490D-B0B9-4A482DCD5E2E}.Debug|Any CPU.ActiveCfg = Debug|Any CPU
		{99FFD478-DD96-490D-B0B9-4A482DCD5E2E}.Debug|Any CPU.Build.0 = Debug|Any CPU
		{99FFD478-DD96-490D-B0B9-4A482DCD5E2E}.Release|Any CPU.ActiveCfg = Release|Any CPU
		{99FFD478-DD96-490D-B0B9-4A482DCD5E2E}.Release|Any CPU.Build.0 = Release|Any CPU
	EndGlobalSection
	GlobalSection(SolutionProperties) = preSolution
		HideSolutionNode = FALSE
	EndGlobalSection
	GlobalSection(ExtensibilityGlobals) = postSolution
		SolutionGuid = {47ADAEA4-D7BA-478B-A43A-C6B9B6E88BF0}
	EndGlobalSection
EndGlobal
